{
  "name": "@letterblack/lbe-cline-worker",
  "version": "0.1.0",
  "lockfileVersion": 3,
  "requires": true,
  "packages": {
    "": {
      "name": "@letterblack/lbe-cline-worker",
      "version": "0.1.0",
      "license": "Apache-2.0",
      "dependencies": {
        "@cline/agents": "0.0.75"
      },
      "engines": {
        "node": ">=22"
      }
    },
    "node_modules/@ai-sdk/amazon-bedrock": {
      "version": "5.0.57",
      "resolved": "https://registry.npmjs.org/@ai-sdk/amazon-bedrock/-/amazon-bedrock-5.0.57.tgz",
      "integrity": "sha512-cqlpvfna4fd2hpIHQgNWL7lxK8Jqk1lDP0EsABq8JgN1wOWFb34Qij2ptgWLbWKgxxz4H1mTNAWM0n8uymuXPQ==",
      "license": "Apache-2.0",
      "dependencies": {
        "@ai-sdk/provider": "4.0.9",
        "@ai-sdk/provider-utils": "5.0.27",
        "@smithy/util-utf8": "4.2.0",
        "tslib": "2.8.1"
      },
      "engines": {
        "node": ">=18"
      },
      "peerDependencies": {
        "zod": "^3.25.76 || ^4"
      }
    },
    "node_modules/@ai-sdk/anthropic": {
      "version": "4.0.39",
      "resolved": "https://registry.npmjs.org/@ai-sdk/anthropic/-/anthropic-4.0.39.tgz",
      "integrity": "sha512-2nplQxttkuR4fj8pELKSybhzQM3KAPYmcNJ/SDrzlBHuyYt/DOoeQfjuat2zqrFe9EIpE3t6Eea+wyYDlbDFRg==",
      "license": "Apache-2.0",
      "dependencies": {
        "@ai-sdk/provider": "4.0.9",
        "@ai-sdk/provider-utils": "5.0.27"
      },
      "engines": {
        "node": ">=18"
      },
      "peerDependencies": {
        "zod": "^3.25.76 || ^4"
      }
    },
    "node_modules/@ai-sdk/gateway": {
      "version": "4.0.52",
      "resolved": "https://registry.npmjs.org/@ai-sdk/gateway/-/gateway-4.0.52.tgz",
      "integrity": "sha512-sfvHfjujPF5sbLz5iXKryB0rWtLLiA0pXiaXNyovxPwhUFSTDSLAaaz5Xm2WGtKds4ikXh9DHCAnvyWEToia4w==",
      "license": "Apache-2.0",
      "dependencies": {
        "@ai-sdk/provider": "4.0.9",
        "@ai-sdk/provider-utils": "5.0.27",
        "@vercel/oidc": "3.0.7"
      },
      "engines": {
        "node": ">=18"
      },
      "peerDependencies": {
        "zod": "^3.25.76 || ^4"
      }
    },
    "node_modules/@ai-sdk/google": {
      "version": "4.0.44",
      "resolved": "https://registry.npmjs.org/@ai-sdk/google/-/google-4.0.44.tgz",
      "integrity": "sha512-2s8ysNFVIhiBlJjtSoqrZuDeqLJ/N6Vp2OOtPoQhYRtaKm5zEylBuWi/C2mLmClG/pLrdKtZjRuH78Ndx8X0Jw==",
      "license": "Apache-2.0",
      "dependencies": {
        "@ai-sdk/provider": "4.0.9",
        "@ai-sdk/provider-utils": "5.0.27"
      },
      "engines": {
        "node": ">=18"
      },
      "peerDependencies": {
        "zod": "^3.25.76 || ^4"
      }
    },
    "node_modules/@ai-sdk/google-vertex": {
      "version": "5.0.54",
      "resolved": "https://registry.npmjs.org/@ai-sdk/google-vertex/-/google-vertex-5.0.54.tgz",
      "integrity": "sha512-9N0FsFuAUqcyKfWQ7sXqjcWpZuahHn5yaSO+wfMAcQXyfTOvcCCApZhGoaf1lPdPM3JVRApNK2aYsxEM8tyKTQ==",
      "license": "Apache-2.0",
      "dependencies": {
        "@ai-sdk/provider": "4.0.9",
        "@ai-sdk/provider-utils": "5.0.27",
        "google-auth-library": "10.5.0"
      },
      "engines": {
        "node": ">=18"
      },
      "peerDependencies": {
        "zod": "^3.25.76 || ^4"
      }
    },
    "node_modules/@ai-sdk/mistral": {
      "version": "4.0.29",
      "resolved": "https://registry.npmjs.org/@ai-sdk/mistral/-/mistral-4.0.29.tgz",
      "integrity": "sha512-HUxWr5NfocKeUtTwKSvJMvS9yXrNOXV0ygoMrw5oaFl3uZnJSRElNFSdR6FvArQSjVeKm+uLsIqHpOX7Sn+tyg==",
      "license": "Apache-2.0",
      "dependencies": {
        "@ai-sdk/provider": "4.0.9",
        "@ai-sdk/provider-utils": "5.0.27"
      },
      "engines": {
        "node": ">=18"
      },
      "peerDependencies": {
        "zod": "^3.25.76 || ^4"
      }
    },
    "node_modules/@ai-sdk/openai": {
      "version": "4.0.42",
      "resolved": "https://registry.npmjs.org/@ai-sdk/openai/-/openai-4.0.42.tgz",
      "integrity": "sha512-2Ktlu5wu8TvIdUJUTJWbwZoFCzbS3cLeUllIT9nPbyMgfny1bSTOymb1g5MZmjC8Zd0I9x0YmM7Oe0vOn76E0w==",
      "license": "Apache-2.0",
      "dependencies": {
        "@ai-sdk/provider": "4.0.9",
        "@ai-sdk/provider-utils": "5.0.27"
      },
      "engines": {
        "node": ">=18"
      },
      "peerDependencies": {
        "zod": "^3.25.76 || ^4"
      }
    },
    "node_modules/@ai-sdk/openai-compatible": {
      "version": "3.0.30",
      "resolved": "https://registry.npmjs.org/@ai-sdk/openai-compatible/-/openai-compatible-3.0.30.tgz",
      "integrity": "sha512-4m7UIqywsIJwcSGhG0FZArE0t24Bhb06LCkgiIGPWLr3icDA/I9in4jkq+nI6ETvx5Cl20CTWZmmVkh3Nkz5GQ==",
      "license": "Apache-2.0",
      "dependencies": {
        "@ai-sdk/provider": "4.0.9",
        "@ai-sdk/provider-utils": "5.0.27"
      },
      "engines": {
        "node": ">=18"
      },
      "peerDependencies": {
        "zod": "^3.25.76 || ^4"
      }
    },
    "node_modules/@ai-sdk/otel": {
      "version": "1.0.66",
      "resolved": "https://registry.npmjs.org/@ai-sdk/otel/-/otel-1.0.66.tgz",
      "integrity": "sha512-dH88TEXnD1H4l3rEVVApNe1rxWzlQcO0G/LZfJnPbtgoPKY6RrZrZLcgOaYmjQTLoKc9Y7S9d0EcdfuQO5LQsw==",
      "license": "Apache-2.0",
      "dependencies": {
        "@opentelemetry/api": "1.9.0",
        "@opentelemetry/sdk-trace-base": "2.2.0",
        "ai": "7.0.66"
      },
      "engines": {
        "node": ">=18"
      }
    },
    "node_modules/@ai-sdk/provider": {
      "version": "4.0.9",
      "resolved": "https://registry.npmjs.org/@ai-sdk/provider/-/provider-4.0.9.tgz",
      "integrity": "sha512-KrNxa5qGFMxUbrslzEJLYZYXz9a2yeTEpyLg5vJnZEmeRluHA99+gwhrEqpHTe4mGrcUhwclVzBE6IgVsDWw+g==",
      "license": "Apache-2.0",
      "dependencies": {
        "json-schema": "0.4.0"
      },
      "engines": {
        "node": ">=18"
      }
    },
    "node_modules/@ai-sdk/provider-utils": {
      "version": "5.0.27",
      "resolved": "https://registry.npmjs.org/@ai-sdk/provider-utils/-/provider-utils-5.0.27.tgz",
      "integrity": "sha512-nQpi7vxQ2yeAjiHVNtcGBix8W6KgiBfC1g0+S0HQmPSKRBoqteH3DiwTnpWMQbhKI/Qoax/uPuRgNrxLc8sTEA==",
      "license": "Apache-2.0",
      "dependencies": {
        "@ai-sdk/provider": "4.0.9",
        "@standard-schema/spec": "1.0.0",
        "eventsource-parser": "3.0.6",
        "undici": "7.29.0"
      },
      "engines": {
        "node": ">=18"
      },
      "peerDependencies": {
        "zod": "^3.25.76 || ^4"
      }
    },
    "node_modules/@ai-sdk/provider-utils/node_modules/undici": {
      "version": "7.29.0",
      "resolved": "https://registry.npmjs.org/undici/-/undici-7.29.0.tgz",
      "integrity": "sha512-mxVn+VMPfXrjRfy+vgMbqqijAI/FzgROw7nR3i8QwV7w1Hxz0sVMIYhpPyKHSYYhx+gtC78qC7jXM3NWVJJx+A==",
      "license": "MIT",
      "engines": {
        "node": ">=20.18.1"
      }
    },
    "node_modules/@ai-sdk/provider-utils/node_modules/zod": {
      "version": "4.3.6",
      "resolved": "https://registry.npmjs.org/zod/-/zod-4.3.6.tgz",
      "integrity": "sha512-3kzAwb2QgY+/1OLzR4J8AH6fRU31twsIXiP5Z6HSkuA3JLEZaF2Nfqv4GxsAm1C0nI4aGEV6o8kn9KjhqNSSYQ==",
      "license": "MIT"
    },
    "node_modules/@ai-sdk/provider/node_modules/json-schema": {
      "version": "0.4.0",
      "resolved": "https://registry.npmjs.org/json-schema/-/json-schema-0.4.0.tgz",
      "integrity": "sha512-8yQawAUKBfVQ1jJ7uBDAs4BB70D4BHRj3FpLa6fHJDBKTtzg7DxZhYnqnFSWoevgSBo/B6WO3D3IrZgoFZsJgA==",
      "license": "BSD-3-Clause"
    },
    "node_modules/@aws-crypto/crc32": {
      "version": "5.2.0",
      "resolved": "https://registry.npmjs.org/@aws-crypto/crc32/-/crc32-5.2.0.tgz",
      "integrity": "sha512-QJPLBbVUmqGnGQpMhTOQkoS4DdkNlOOwmWXKgTIqzI6tC0c6GofkiHvjhNv4JqBz0plJbR3w3Jf9Dp4n4H9QDA==",
      "license": "Apache-2.0",
      "dependencies": {
        "@aws-crypto/util": "5.2.0",
        "@aws-sdk/types": "3.973.0",
        "tslib": "2.8.1"
      }
    },
    "node_modules/@aws-crypto/crc32c": {
      "version": "5.2.0",
      "resolved": "https://registry.npmjs.org/@aws-crypto/crc32c/-/crc32c-5.2.0.tgz",
      "integrity": "sha512-RJvu7u4xNNv5P8Qkb5C5yzS5eAjaWS+BiWB0QsYSzcQPcdun/eBb6JO8J/gAUN6kQGEWNSIuSyoPkxrxbm8TAA==",
      "license": "Apache-2.0",
      "dependencies": {
        "@aws-crypto/util": "5.2.0",
        "@aws-sdk/types": "3.973.0",
        "tslib": "2.8.1"
      }
    },
    "node_modules/@aws-crypto/sha1-browser": {
      "version": "5.2.0",
      "resolved": "https://registry.npmjs.org/@aws-crypto/sha1-browser/-/sha1-browser-5.2.0.tgz",
      "integrity": "sha512-Ns5V9Cx27lOJnrVNDF+zYvF+q3VNvTcZv9mzkha0xkwXIDxEXhpqVu+0mEroHR3m2MdcBaIkBI4EAQpeinOkig==",
      "license": "Apache-2.0",
      "dependencies": {
        "@aws-crypto/supports-web-crypto": "5.2.0",
        "@aws-crypto/util": "5.2.0",
        "@aws-sdk/types": "3.973.0",
        "@aws-sdk/util-locate-window": "3.965.5",
        "@smithy/util-utf8": "4.2.0",
        "tslib": "2.8.1"
      }
    },
    "node_modules/@aws-crypto/sha256-browser": {
      "version": "5.2.0",
      "resolved": "https://registry.npmjs.org/@aws-crypto/sha256-browser/-/sha256-browser-5.2.0.tgz",
      "integrity": "sha512-8I4nF7zA5A4bhYrxN/wK+sYj0+7vLC9vb92JcDvZ28cVY6jKXYVjYaLcA6YS9dvcczlFGMF6JCyqwLllpO7kOw==",
      "license": "Apache-2.0",
      "dependencies": {
        "@aws-crypto/sha256-js": "5.2.0",
        "@aws-crypto/supports-web-crypto": "5.2.0",
        "@aws-crypto/util": "5.2.0",
        "@aws-sdk/types": "3.973.0",
        "@aws-sdk/util-locate-window": "3.965.5",
        "@smithy/util-utf8": "4.2.0",
        "tslib": "2.8.1"
      }
    }
  }
}
